// !$*UTF8*$!
{
	archiveVersion = 1;
	classes = {
	};
	objectVersion = 56;
	objects = {

/* Begin PBXBuildFile section */
		85C830EC2938D87F00024A35 /* Intermittit2App.swift in Sources */ = {isa = PBXBuildFile; fileRef = 85C830EB2938D87F00024A35 /* Intermittit2App.swift */; };
		85C830EE2938D87F00024A35 /* ContentView.swift in Sources */ = {isa = PBXBuildFile; fileRef = 85C830ED2938D87F00024A35 /* ContentView.swift */; };
		85C830F02938D88000024A35 /* Assets.xcassets in Resources */ = {isa = PBXBuildFile; fileRef = 85C830EF2938D88000024A35 /* Assets.xcassets */; };
		85C830F32938D88000024A35 /* Preview Assets.xcassets in Resources */ = {isa = PBXBuildFile; fileRef = 85C830F22938D88000024A35 /* Preview Assets.xcassets */; };
		85C830F52938D88000024A35 /* Persistence.swift in Sources */ = {isa = PBXBuildFile; fileRef = 85C830F42938D88000024A35 /* Persistence.swift */; };
		85C830F82938D88000024A35 /* Intermittit2.xcdatamodeld in Sources */ = {isa = PBXBuildFile; fileRef = 85C830F62938D88000024A35 /* Intermittit2.xcdatamodeld */; };
		85C831032938D88000024A35 /* Intermittit2Tests.swift in Sources */ = {isa = PBXBuildFile; fileRef = 85C831022938D88000024A35 /* Intermittit2Tests.swift */; };
		85C8310D2938D88000024A35 /* Intermittit2UITests.swift in Sources */ = {isa = PBXBuildFile; fileRef = 85C8310C2938D88000024A35 /* Intermittit2UITests.swift */; };
		85C8310F2938D88000024A35 /* Intermittit2UITestsLaunchTests.swift in Sources */ = {isa = PBXBuildFile; fileRef = 85C8310E2938D88000024A35 /* Intermittit2UITestsLaunchTests.swift */; };
/* End PBXBuildFile section */

/* Begin PBXContainerItemProxy section */
		85C830FF2938D88000024A35 /* PBXContainerItemProxy */ = {
			isa = PBXContainerItemProxy;
			containerPortal = 85C830E02938D87F00024A35 /* Project object */;
			proxyType = 1;
			remoteGlobalIDString = 85C830E72938D87F00024A35;
			remoteInfo = Intermittit2;
		};
		85C831092938D88000024A35 /* PBXContainerItemProxy */ = {
			isa = PBXContainerItemProxy;
			containerPortal = 85C830E02938D87F00024A35 /* Project object */;
			proxyType = 1;
			remoteGlobalIDString = 85C830E72938D87F00024A35;
			remoteInfo = Intermittit2;
		};
/* End PBXContainerItemProxy section */

/* Begin PBXFileReference section */
		85C830E82938D87F00024A35 /* Intermittit2.app */ = {isa = PBXFileReference; explicitFileType = wrapper.application; includeInIndex = 0; path = Intermittit2.app; sourceTree = BUILT_PRODUCTS_DIR; };
		85C830EB2938D87F00024A35 /* Intermittit2App.swift */ = {isa = PBXFileReference; lastKnownFileType = sourcecode.swift; path = Intermittit2App.swift; sourceTree = "<group>"; };
		85C830ED2938D87F00024A35 /* ContentView.swift */ = {isa = PBXFileReference; lastKnownFileType = sourcecode.swift; path = ContentView.swift; sourceTree = "<group>"; };
		85C830EF2938D88000024A35 /* Assets.xcassets */ = {isa = PBXFileReference; lastKnownFileType = folder.assetcatalog; path = Assets.xcassets; sourceTree = "<group>"; };
		85C830F22938D88000024A35 /* Preview Assets.xcassets */ = {isa = PBXFileReference; lastKnownFileType = folder.assetcatalog; path = "Preview Assets.xcassets"; sourceTree = "<group>"; };
		85C830F42938D88000024A35 /* Persistence.swift */ = {isa = PBXFileReference; lastKnownFileType = sourcecode.swift; path = Persistence.swift; sourceTree = "<group>"; };
		85C830F72938D88000024A35 /* Intermittit2.xcdatamodel */ = {isa = PBXFileReference; lastKnownFileType = wrapper.xcdatamodel; path = Intermittit2.xcdatamodel; sourceTree = "<group>"; };
		85C830F92938D88000024A35 /* Info.plist */ = {isa = PBXFileReference; lastKnownFileType = text.plist.xml; path = Info.plist; sourceTree = "<group>"; };
		85C830FE2938D88000024A35 /* Intermittit2Tests.xctest */ = {isa = PBXFileReference; explicitFileType = wrapper.cfbundle; includeInIndex = 0; path = Intermittit2Tests.xctest; sourceTree = BUILT_PRODUCTS_DIR; };
		85C831022938D88000024A35 /* Intermittit2Tests.swift */ = {isa = PBXFileReference; lastKnownFileType = sourcecode.swift; path = Intermittit2Tests.swift; sourceTree = "<group>"; };
		85C831082938D88000024A35 /* Intermittit2UITests.xctest */ = {isa = PBXFileReference; explicitFileType = wrapper.cfbundle; includeInIndex = 0; path = Intermittit2UITests.xctest; sourceTree = BUILT_PRODUCTS_DIR; };
		85C8310C2938D88000024A35 /* Intermittit2UITests.swift */ = {isa = PBXFileReference; lastKnownFileType = sourcecode.swift; path = Intermittit2UITests.swift; sourceTree = "<group>"; };
		85C8310E2938D88000024A35 /* Intermittit2UITestsLaunchTests.swift */ = {isa = PBXFileReference; lastKnownFileType = sourcecode.swift; path = Intermittit2UITestsLaunchTests.swift; sourceTree = "<group>"; };
/* End PBXFileReference section */

/* Begin PBXFrameworksBuildPhase section */
		85C830E52938D87F00024A35 /* Frameworks */ = {
			isa = PBXFrameworksBuildPhase;
			buildActionMask = 2147483647;
			files = (
			);
			runOnlyForDeploymentPostprocessing = 0;
		};
		85C830FB2938D88000024A35 /* Frameworks */ = {
			isa = PBXFrameworksBuildPhase;
			buildActionMask = 2147483647;
			files = (
			);
			runOnlyForDeploymentPostprocessing = 0;
		};
		85C831052938D88000024A35 /* Frameworks */ = {
			isa = PBXFrameworksBuildPhase;
			buildActionMask = 2147483647;
			files = (
			);
			runOnlyForDeploymentPostprocessing = 0;
		};
/* End PBXFrameworksBuildPhase section */

/* Begin PBXGroup section */
		85C830DF2938D87F00024A35 = {
			isa = PBXGroup;
			children = (
				85C830EA2938D87F00024A35 /* Intermittit2 */,
				85C831012938D88000024A35 /* Intermittit2Tests */,
				85C8310B2938D88000024A35 /* Intermittit2UITests */,
				85C830E92938D87F00024A35 /* Products */,
			);
			sourceTree = "<group>";
		};
		85C830E92938D87F00024A35 /* Products */ = {
			isa = PBXGroup;
			children = (
				85C830E82938D87F00024A35 /* Intermittit2.app */,
				85C830FE2938D88000024A35 /* Intermittit2Tests.xctest */,
				85C831082938D88000024A35 /* Intermittit2UITests.xctest */,
			);
			name = Products;
			sourceTree = "<group>";
		};
		85C830EA2938D87F00024A35 /* Intermittit2 */ = {
			isa = PBXGroup;
			children = (
				85C830EB2938D87F00024A35 /* Intermittit2App.swift */,
				85C830ED2938D87F00024A35 /* ContentView.swift */,
				85C830EF2938D88000024A35 /* Assets.xcassets */,
				85C830F42938D88000024A35 /* Persistence.swift */,
				85C830F92938D88000024A35 /* Info.plist */,
				85C830F62938D88000024A35 /* Intermittit2.xcdatamodeld */,
				85C830F12938D88000024A35 /* Preview Content */,
			);
			path = Intermittit2;
			sourceTree = "<group>";
		};
		85C830F12938D88000024A35 /* Preview Content */ = {
			isa = PBXGroup;
			children = (
				85C830F22938D88000024A35 /* Preview Assets.xcassets */,
			);
			path = "Preview Content";
			sourceTree = "<group>";
		};
		85C831012938D88000024A35 /* Intermittit2Tests */ = {
			isa = PBXGroup;
			children = (
				85C831022938D88000024A35 /* Intermittit2Tests.swift */,
			);
			path = Intermittit2Tests;
			sourceTree = "<group>";
		};
		85C8310B2938D88000024A35 /* Intermittit2UITests */ = {
			isa = PBXGroup;
			children = (
				85C8310C2938D88000024A35 /* Intermittit2UITests.swift */,
				85C8310E2938D88000024A35 /* Intermittit2UITestsLaunchTests.swift */,
			);
			path = Intermittit2UITests;
			sourceTree = "<group>";
		};
/* End PBXGroup section */

/* Begin PBXNativeTarget section */
		85C830E72938D87F00024A35 /* Intermittit2 */ = {
			isa = PBXNativeTarget;
			buildConfigurationList = 85C831122938D88000024A35 /* Build configuration list for PBXNativeTarget "Intermittit2" */;
			buildPhases = (
				85C830E42938D87F00024A35 /* Sources */,
				85C830E52938D87F00024A35 /* Frameworks */,
				85C830E62938D87F00024A35 /* Resources */,
			);
			buildRules = (
			);
			dependencies = (
			);
			name = Intermittit2;
			productName = Intermittit2;
			productReference = 85C830E82938D87F00024A35 /* Intermittit2.app */;
			productType = "com.apple.product-type.application";
		};
		85C830FD2938D88000024A35 /* Intermittit2Tests */ = {
			isa = PBXNativeTarget;
			buildConfigurationList = 85C831152938D88000024A35 /* Build configuration list for PBXNativeTarget "Intermittit2Tests" */;
			buildPhases = (
				85C830FA2938D88000024A35 /* Sources */,
				85C830FB2938D88000024A35 /* Frameworks */,
				85C830FC2938D88000024A35 /* Resources */,
			);
			buildRules = (
			);
			dependencies = (
				85C831002938D88000024A35 /* PBXTargetDependency */,
			);
			name = Intermittit2Tests;
			productName = Intermittit2Tests;
			productReference = 85C830FE2938D88000024A35 /* Intermittit2Tests.xctest */;
			productType = "com.apple.product-type.bundle.unit-test";
		};
		85C831072938D88000024A35 /* Intermittit2UITests */ = {
			isa = PBXNativeTarget;
			buildConfigurationList = 85C831182938D88000024A35 /* Build configuration list for PBXNativeTarget "Intermittit2UITests" */;
			buildPhases = (
				85C831042938D88000024A35 /* Sources */,
				85C831052938D88000024A35 /* Frameworks */,
				85C831062938D88000024A35 /* Resources */,
			);
			buildRules = (
			);
			dependencies = (
				85C8310A2938D88000024A35 /* PBXTargetDependency */,
			);
			name = Intermittit2UITests;
			productName = Intermittit2UITests;
			productReference = 85C831082938D88000024A35 /* Intermittit2UITests.xctest */;
			productType = "com.apple.product-type.bundle.ui-testing";
		};
/* End PBXNativeTarget section */

/* Begin PBXProject section */
		85C830E02938D87F00024A35 /* Project object */ = {
			isa = PBXProject;
			attributes = {
				BuildIndependentTargetsInParallel = 1;
				LastSwiftUpdateCheck = 1400;
				LastUpgradeCheck = 1400;
				TargetAttributes = {
					85C830E72938D87F00024A35 = {
						CreatedOnToolsVersion = 14.0.1;
					};
					85C830FD2938D88000024A35 = {
						CreatedOnToolsVersion = 14.0.1;
						TestTargetID = 85C830E72938D87F00024A35;
					};
					85C831072938D88000024A35 = {
						CreatedOnToolsVersion = 14.0.1;
						TestTargetID = 85C830E72938D87F00024A35;
					};
				};
			};
			buildConfigurationList = 85C830E32938D87F00024A35 /* Build configuration list for PBXProject "Intermittit2" */;
			compatibilityVersion = "Xcode 14.0";
			developmentRegion = en;
			hasScannedForEncodings = 0;
			knownRegions = (
				en,
				Base,
			);
			mainGroup = 85C830DF2938D87F00024A35;
			productRefGroup = 85C830E92938D87F00024A35 /* Products */;
			projectDirPath = "";
			projectRoot = "";
			targets = (
				85C830E72938D87F00024A35 /* Intermittit2 */,
				85C830FD2938D88000024A35 /* Intermittit2Tests */,
				85C831072938D88000024A35 /* Intermittit2UITests */,
			);
		};
/* End PBXProject section */

/* Begin PBXResourcesBuildPhase section */
		85C830E62938D87F00024A35 /* Resources */ = {
			isa = PBXResourcesBuildPhase;
			buildActionMask = 2147483647;
			files = (
				85C830F32938D88000024A35 /* Preview Assets.xcassets in Resources */,
				85C830F02938D88000024A35 /* Assets.xcassets in Resources */,
			);
			runOnlyForDeploymentPostprocessing = 0;
		};
		85C830FC2938D88000024A35 /* Resources */ = {
			isa = PBXResourcesBuildPhase;
			buildActionMask = 2147483647;
			files = (
			);
			runOnlyForDeploymentPostprocessing = 0;
		};
		85C831062938D88000024A35 /* Resources */ = {
			isa = PBXResourcesBuildPhase;
			buildActionMask = 2147483647;
			files = (
			);
			runOnlyForDeploymentPostprocessing = 0;
		};
/* End PBXResourcesBuildPhase section */

/* Begin PBXSourcesBuildPhase section */
		85C830E42938D87F00024A35 /* Sources */ = {
			isa = PBXSourcesBuildPhase;
			buildActionMask = 2147483647;
			files = (
				85C830F82938D88000024A35 /* Intermittit2.xcdatamodeld in Sources */,
				85C830F52938D88000024A35 /* Persistence.swift in Sources */,
				85C830EE2938D87F00024A35 /* ContentView.swift in Sources */,
				85C830EC2938D87F00024A35 /* Intermittit2App.swift in Sources */,
			);
			runOnlyForDeploymentPostprocessing = 0;
		};
		85C830FA2938D88000024A35 /* Sources */ = {
			isa = PBXSourcesBuildPhase;
			buildActionMask = 2147483647;
			files = (
				85C831032938D88000024A35 /* Intermittit2Tests.swift in Sources */,
			);
			runOnlyForDeploymentPostprocessing = 0;
		};
		85C831042938D88000024A35 /* Sources */ = {
			isa = PBXSourcesBuildPhase;
			buildActionMask = 2147483647;
			files = (
				85C8310D2938D88000024A35 /* Intermittit2UITests.swift in Sources */,
				85C8310F2938D88000024A35 /* Intermittit2UITestsLaunchTests.swift in Sources */,
			);
			runOnlyForDeploymentPostprocessing = 0;
		};
/* End PBXSourcesBuildPhase section */

/* Begin PBXTargetDependency section */
		85C831002938D88000024A35 /* PBXTargetDependency */ = {
			isa = PBXTargetDependency;
			target = 85C830E72938D87F00024A35 /* Intermittit2 */;
			targetProxy = 85C830FF2938D88000024A35 /* PBXContainerItemProxy */;
		};
		85C8310A2938D88000024A35 /* PBXTargetDependency */ = {
			isa = PBXTargetDependency;
			target = 85C830E72938D87F00024A35 /* Intermittit2 */;
			targetProxy = 85C831092938D88000024A35 /* PBXContainerItemProxy */;
		};
/* End PBXTargetDependency section */

/* Begin XCBuildConfiguration section */
		85C831102938D88000024A35 /* Debug */ = {
			isa = XCBuildConfiguration;
			buildSettings = {
				ALWAYS_SEARCH_USER_PATHS = NO;
				CLANG_ANALYZER_NONNULL = YES;
				CLANG_ANALYZER_NUMBER_OBJECT_CONVERSION = YES_AGGRESSIVE;
				CLANG_CXX_LANGUAGE_STANDARD = "gnu++20";
				CLANG_ENABLE_MODULES = YES;
				CLANG_ENABLE_OBJC_ARC = YES;
				CLANG_ENABLE_OBJC_WEAK = YES;
				CLANG_WARN_BLOCK_CAPTURE_AUTORELEASING = YES;
				CLANG_WARN_BOOL_CONVERSION = YES;
				CLANG_WARN_COMMA = YES;
				CLANG_WARN_CONSTANT_CONVERSION = YES;
				CLANG_WARN_DEPRECATED_OBJC_IMPLEMENTATIONS = YES;
				CLANG_WARN_DIRECT_OBJC_ISA_USAGE = YES_ERROR;
				CLANG_WARN_DOCUMENTATION_COMMENTS = YES;
				CLANG_WARN_EMPTY_BODY = YES;
				CLANG_WARN_ENUM_CONVERSION = YES;
				CLANG_WARN_INFINITE_RECURSION = YES;
				CLANG_WARN_INT_CONVERSION = YES;
				CLANG_WARN_NON_LITERAL_NULL_CONVERSION = YES;
				CLANG_WARN_OBJC_IMPLICIT_RETAIN_SELF = YES;
				CLANG_WARN_OBJC_LITERAL_CONVERSION = YES;
				CLANG_WARN_OBJC_ROOT_CLASS = YES_ERROR;
				CLANG_WARN_QUOTED_INCLUDE_IN_FRAMEWORK_HEADER = YES;
				CLANG_WARN_RANGE_LOOP_ANALYSIS = YES;
				CLANG_WARN_STRICT_PROTOTYPES = YES;
				CLANG_WARN_SUSPICIOUS_MOVE = YES;
				CLANG_WARN_UNGUARDED_AVAILABILITY = YES_AGGRESSIVE;
				CLANG_WARN_UNREACHABLE_CODE = YES;
				CLANG_WARN__DUPLICATE_METHOD_MATCH = YES;
				COPY_PHASE_STRIP = NO;
				DEBUG_INFORMATION_FORMAT = dwarf;
				ENABLE_STRICT_OBJC_MSGSEND = YES;
				ENABLE_TESTABILITY = YES;
				GCC_C_LANGUAGE_STANDARD = gnu11;
				GCC_DYNAMIC_NO_PIC = NO;
				GCC_NO_COMMON_BLOCKS = YES;
				GCC_OPTIMIZATION_LEVEL = 0;
				GCC_PREPROCESSOR_DEFINITIONS = (
					"DEBUG=1",
					"$(inherited)",
				);
				GCC_WARN_64_TO_32_BIT_CONVERSION = YES;
				GCC_WARN_ABOUT_RETURN_TYPE = YES_ERROR;
				GCC_WARN_UNDECLARED_SELECTOR = YES;
				GCC_WARN_UNINITIALIZED_AUTOS = YES_AGGRESSIVE;
				GCC_WARN_UNUSED_FUNCTION = YES;
				GCC_WARN_UNUSED_VARIABLE = YES;
				IPHONEOS_DEPLOYMENT_TARGET = 16.0;
				MTL_ENABLE_DEBUG_INFO = INCLUDE_SOURCE;
				MTL_FAST_MATH = YES;
				ONLY_ACTIVE_ARCH = YES;
				SDKROOT = iphoneos;
				SWIFT_ACTIVE_COMPILATION_CONDITIONS = DEBUG;
				SWIFT_OPTIMIZATION_LEVEL = "-Onone";
			};
			name = Debug;
		};
		85C831112938D88000024A35 /* Release */ = {
			isa = XCBuildConfiguration;
			buildSettings = {
				ALWAYS_SEARCH_USER_PATHS = NO;
				CLANG_ANALYZER_NONNULL = YES;
				CLANG_ANALYZER_NUMBER_OBJECT_CONVERSION = YES_AGGRESSIVE;
				CLANG_CXX_LANGUAGE_STANDARD = "gnu++20";
				CLANG_ENABLE_MODULES = YES;
				CLANG_ENABLE_OBJC_ARC = YES;
				CLANG_ENABLE_OBJC_WEAK = YES;
				CLANG_WARN_BLOCK_CAPTURE_AUTORELEASING = YES;
				CLANG_WARN_BOOL_CONVERSION = YES;
				CLANG_WARN_COMMA = YES;
				CLANG_WARN_CONSTANT_CONVERSION = YES;
				CLANG_WARN_DEPRECATED_OBJC_IMPLEMENTATIONS = YES;
				CLANG_WARN_DIRECT_OBJC_ISA_USAGE = YES_ERROR;
				CLANG_WARN_DOCUMENTATION_COMMENTS = YES;
				CLANG_WARN_EMPTY_BODY = YES;
				CLANG_WARN_ENUM_CONVERSION = YES;
				CLANG_WARN_INFINITE_RECURSION = YES;
				CLANG_WARN_INT_CONVERSION = YES;
				CLANG_WARN_NON_LITERAL_NULL_CONVERSION = YES;
				CLANG_WARN_OBJC_IMPLICIT_RETAIN_SELF = YES;
				CLANG_WARN_OBJC_LITERAL_CONVERSION = YES;
				CLANG_WARN_OBJC_ROOT_CLASS = YES_ERROR;
				CLANG_WARN_QUOTED_INCLUDE_IN_FRAMEWORK_HEADER = YES;
				CLANG_WARN_RANGE_LOOP_ANALYSIS = YES;
				CLANG_WARN_STRICT_PROTOTYPES = YES;
				CLANG_WARN_SUSPICIOUS_MOVE = YES;
				CLANG_WARN_UNGUARDED_AVAILABILITY = YES_AGGRESSIVE;
				CLANG_WARN_UNREACHABLE_CODE = YES;
				CLANG_WARN__DUPLICATE_METHOD_MATCH = YES;
				COPY_PHASE_STRIP = NO;
				DEBUG_INFORMATION_FORMAT = "dwarf-with-dsym";
				ENABLE_NS_ASSERTIONS = NO;
				ENABLE_STRICT_OBJC_MSGSEND = YES;
				GCC_C_LANGUAGE_STANDARD = gnu11;
				GCC_NO_COMMON_BLOCKS = YES;
				GCC_WARN_64_TO_32_BIT_CONVERSION = YES;
				GCC_WARN_ABOUT_RETURN_TYPE = YES_ERROR;
				GCC_WARN_UNDECLARED_SELECTOR = YES;
				GCC_WARN_UNINITIALIZED_AUTOS = YES_AGGRESSIVE;
				GCC_WARN_UNUSED_FUNCTION = YES;
				GCC_WARN_UNUSED_VARIABLE = YES;
				IPHONEOS_DEPLOYMENT_TARGET = 16.0;
				MTL_ENABLE_DEBUG_INFO = NO;
				MTL_FAST_MATH = YES;
				SDKROOT = iphoneos;
				SWIFT_COMPILATION_MODE = wholemodule;
				SWIFT_OPTIMIZATION_LEVEL = "-O";
				VALIDATE_PRODUCT = YES;
			};
			name = Release;
		};
		85C831132938D88000024A35 /* Debug */ = {
			isa = XCBuildConfiguration;
			buildSettings = {
				ASSETCATALOG_COMPILER_APPICON_NAME = AppIcon;
				ASSETCATALOG_COMPILER_GLOBAL_ACCENT_COLOR_NAME = AccentColor;
				CODE_SIGN_STYLE = Automatic;
				CURRENT_PROJECT_VERSION = 1;
				DEVELOPMENT_ASSET_PATHS = "\"Intermittit2/Preview Content\"";
				ENABLE_PREVIEWS = YES;
				GENERATE_INFOPLIST_FILE = YES;
				INFOPLIST_KEY_UIApplicationSceneManifest_Generation = YES;
				INFOPLIST_KEY_UIApplicationSupportsIndirectInputEvents = YES;
				INFOPLIST_KEY_UILaunchScreen_Generation = YES;
				INFOPLIST_KEY_UISupportedInterfaceOrientations_iPad = "UIInterfaceOrientationPortrait UIInterfaceOrientationPortraitUpsideDown UIInterfaceOrientationLandscapeLeft UIInterfaceOrientationLandscapeRight";
				INFOPLIST_KEY_UISupportedInterfaceOrientations_iPhone = "UIInterfaceOrientationPortrait UIInterfaceOrientationLandscapeLeft UIInterfaceOrientationLandscapeRight";
				LD_RUNPATH_SEARCH_PATHS = (
					"$(inherited)",
					"@executable_path/Frameworks",
				);
				MARKETING_VERSION = 1.0;
				PRODUCT_BUNDLE_IDENTIFIER = TanmayCodes.Intermittit2;
				PRODUCT_NAME = "$(TARGET_NAME)";
				SWIFT_EMIT_LOC_STRINGS = YES;
				SWIFT_VERSION = 5.0;
				TARGETED_DEVICE_FAMILY = "1,2";
			};
			name = Debug;
		};
		85C831142938D88000024A35 /* Release */ = {
			isa = XCBuildConfiguration;
			buildSettings = {
				ASSETCATALOG_COMPILER_APPICON_NAME = AppIcon;
				ASSETCATALOG_COMPILER_GLOBAL_ACCENT_COLOR_NAME = AccentColor;
				CODE_SIGN_STYLE = Automatic;
				CURRENT_PROJECT_VERSION = 1;
				DEVELOPMENT_ASSET_PATHS = "\"Intermittit2/Preview Content\"";
				ENABLE_PREVIEWS = YES;
				GENERATE_INFOPLIST_FILE = YES;
				INFOPLIST_KEY_UIApplicationSceneManifest_Generation = YES;
				INFOPLIST_KEY_UIApplicationSupportsIndirectInputEvents = YES;
				INFOPLIST_KEY_UILaunchScreen_Generation = YES;
				INFOPLIST_KEY_UISupportedInterfaceOrientations_iPad = "UIInterfaceOrientationPortrait UIInterfaceOrientationPortraitUpsideDown UIInterfaceOrientationLandscapeLeft UIInterfaceOrientationLandscapeRight";
				INFOPLIST_KEY_UISupportedInterfaceOrientations_iPhone = "UIInterfaceOrientationPortrait UIInterfaceOrientationLandscapeLeft UIInterfaceOrientationLandscapeRight";
				LD_RUNPATH_SEARCH_PATHS = (
					"$(inherited)",
					"@executable_path/Frameworks",
				);
				MARKETING_VERSION = 1.0;
				PRODUCT_BUNDLE_IDENTIFIER = TanmayCodes.Intermittit2;
				PRODUCT_NAME = "$(TARGET_NAME)";
				SWIFT_EMIT_LOC_STRINGS = YES;
				SWIFT_VERSION = 5.0;
				TARGETED_DEVICE_FAMILY = "1,2";
			};
			name = Release;
		};
		85C831162938D88000024A35 /* Debug */ = {
			isa = XCBuildConfiguration;
			buildSettings = {
				ALWAYS_EMBED_SWIFT_STANDARD_LIBRARIES = YES;
				BUNDLE_LOADER = "$(TEST_HOST)";
				CODE_SIGN_STYLE = Automatic;
				CURRENT_PROJECT_VERSION = 1;
				GENERATE_INFOPLIST_FILE = YES;
				IPHONEOS_DEPLOYMENT_TARGET = 16.0;
				MARKETING_VERSION = 1.0;
				PRODUCT_BUNDLE_IDENTIFIER = TanmayCodes.Intermittit2Tests;
				PRODUCT_NAME = "$(TARGET_NAME)";
				SWIFT_EMIT_LOC_STRINGS = NO;
				SWIFT_VERSION = 5.0;
				TARGETED_DEVICE_FAMILY = "1,2";
				TEST_HOST = "$(BUILT_PRODUCTS_DIR)/Intermittit2.app/$(BUNDLE_EXECUTABLE_FOLDER_PATH)/Intermittit2";
			};
			name = Debug;
		};
		85C831172938D88000024A35 /* Release */ = {
			isa = XCBuildConfiguration;
			buildSettings = {
				ALWAYS_EMBED_SWIFT_STANDARD_LIBRARIES = YES;
				BUNDLE_LOADER = "$(TEST_HOST)";
				CODE_SIGN_STYLE = Automatic;
				CURRENT_PROJECT_VERSION = 1;
				GENERATE_INFOPLIST_FILE = YES;
				IPHONEOS_DEPLOYMENT_TARGET = 16.0;
				MARKETING_VERSION = 1.0;
				PRODUCT_BUNDLE_IDENTIFIER = TanmayCodes.Intermittit2Tests;
				PRODUCT_NAME = "$(TARGET_NAME)";
				SWIFT_EMIT_LOC_STRINGS = NO;
				SWIFT_VERSION = 5.0;
				TARGETED_DEVICE_FAMILY = "1,2";
				TEST_HOST = "$(BUILT_PRODUCTS_DIR)/Intermittit2.app/$(BUNDLE_EXECUTABLE_FOLDER_PATH)/Intermittit2";
			};
			name = Release;
		};
		85C831192938D88000024A35 /* Debug */ = {
			isa = XCBuildConfiguration;
			buildSettings = {
				ALWAYS_EMBED_SWIFT_STANDARD_LIBRARIES = YES;
				CODE_SIGN_STYLE = Automatic;
				CURRENT_PROJECT_VERSION = 1;
				GENERATE_INFOPLIST_FILE = YES;
				MARKETING_VERSION = 1.0;
				PRODUCT_BUNDLE_IDENTIFIER = TanmayCodes.Intermittit2UITests;
				PRODUCT_NAME = "$(TARGET_NAME)";
				SWIFT_EMIT_LOC_STRINGS = NO;
				SWIFT_VERSION = 5.0;
				TARGETED_DEVICE_FAMILY = "1,2";
				TEST_TARGET_NAME = Intermittit2;
			};
			name = Debug;
		};
		85C8311A2938D88000024A35 /* Release */ = {
			isa = XCBuildConfiguration;
			buildSettings = {
				ALWAYS_EMBED_SWIFT_STANDARD_LIBRARIES = YES;
				CODE_SIGN_STYLE = Automatic;
				CURRENT_PROJECT_VERSION = 1;
				GENERATE_INFOPLIST_FILE = YES;
				MARKETING_VERSION = 1.0;
				PRODUCT_BUNDLE_IDENTIFIER = TanmayCodes.Intermittit2UITests;
				PRODUCT_NAME = "$(TARGET_NAME)";
				SWIFT_EMIT_LOC_STRINGS = NO;
				SWIFT_VERSION = 5.0;
				TARGETED_DEVICE_FAMILY = "1,2";
				TEST_TARGET_NAME = Intermittit2;
			};
			name = Release;
		};
/* End XCBuildConfiguration section */

/* Begin XCConfigurationList section */
		85C830E32938D87F00024A35 /* Build configuration list for PBXProject "Intermittit2" */ = {
			isa = XCConfigurationList;
			buildConfigurations = (
				85C831102938D88000024A35 /* Debug */,
				85C831112938D88000024A35 /* Release */,
			);
			defaultConfigurationIsVisible = 0;
			defaultConfigurationName = Release;
		};
		85C831122938D88000024A35 /* Build configuration list for PBXNativeTarget "Intermittit2" */ = {
			isa = XCConfigurationList;
			buildConfigurations = (
				85C831132938D88000024A35 /* Debug */,
				85C831142938D88000024A35 /* Release */,
			);
			defaultConfigurationIsVisible = 0;
			defaultConfigurationName = Release;
		};
		85C831152938D88000024A35 /* Build configuration list for PBXNativeTarget "Intermittit2Tests" */ = {
			isa = XCConfigurationList;
			buildConfigurations = (
				85C831162938D88000024A35 /* Debug */,
				85C831172938D88000024A35 /* Release */,
			);
			defaultConfigurationIsVisible = 0;
			defaultConfigurationName = Release;
		};
		85C831182938D88000024A35 /* Build configuration list for PBXNativeTarget "Intermittit2UITests" */ = {
			isa = XCConfigurationList;
			buildConfigurations = (
				85C831192938D88000024A35 /* Debug */,
				85C8311A2938D88000024A35 /* Release */,
			);
			defaultConfigurationIsVisible = 0;
			defaultConfigurationName = Release;
		};
/* End XCConfigurationList section */

/* Begin XCVersionGroup section */
		85C830F62938D88000024A35 /* Intermittit2.xcdatamodeld */ = {
			isa = XCVersionGroup;
			children = (
				85C830F72938D88000024A35 /* Intermittit2.xcdatamodel */,
			);
			currentVersion = 85C830F72938D88000024A35 /* Intermittit2.xcdatamodel */;
			path = Intermittit2.xcdatamodeld;
			sourceTree = "<group>";
			versionGroupType = wrapper.xcdatamodel;
		};
/* End XCVersionGroup section */
	};
	rootObject = 85C830E02938D87F00024A35 /* Project object */;
}
